// !$*UTF8*$!
{
	archiveVersion = 1;
	classes = {
	};
	objectVersion = 55;
	objects = {

/* Begin PBXBuildFile section */
		8D05F2C128486F4E00796609 /* HouseInfoBundleViewModelUnitTest.swift in Sources */ = {isa = PBXBuildFile; fileRef = 8D05F2C028486F4E00796609 /* HouseInfoBundleViewModelUnitTest.swift */; };
		8D05F2C72848709800796609 /* SearchResultViewModel.swift in Sources */ = {isa = PBXBuildFile; fileRef = 8DF1048E284783680005CCD5 /* SearchResultViewModel.swift */; };
		8D05F2C82848709B00796609 /* Observable.swift in Sources */ = {isa = PBXBuildFile; fileRef = 8DF1048C28476BB50005CCD5 /* Observable.swift */; };
		8D05F2C9284870BF00796609 /* SearchResultRepository.swift in Sources */ = {isa = PBXBuildFile; fileRef = 8D3DBB8E28445E7D007B6352 /* SearchResultRepository.swift */; };
		8D05F2CA284870C700796609 /* SearchResultRepoitoriable.swift in Sources */ = {isa = PBXBuildFile; fileRef = 8DFE2766284859650003D226 /* SearchResultRepoitoriable.swift */; };
		8D05F2CB2848710C00796609 /* MockHouseInfoData.json in Resources */ = {isa = PBXBuildFile; fileRef = 8DF10488284745D20005CCD5 /* MockHouseInfoData.json */; };
		8D05F2CC2848711E00796609 /* NetworkManager.swift in Sources */ = {isa = PBXBuildFile; fileRef = 8D3DBBA02845AB39007B6352 /* NetworkManager.swift */; };
		8D05F2CD2848712000796609 /* NetworkManagable.swift in Sources */ = {isa = PBXBuildFile; fileRef = 8D3DBBA52845B728007B6352 /* NetworkManagable.swift */; };
		8D05F2CE2848712100796609 /* EndPoint.swift in Sources */ = {isa = PBXBuildFile; fileRef = 8D3DBBA32845B712007B6352 /* EndPoint.swift */; };
		8D05F2CF2848713700796609 /* URLMockProtocol.swift in Sources */ = {isa = PBXBuildFile; fileRef = 8D3DBBD02845E9A2007B6352 /* URLMockProtocol.swift */; };
		8D05F2D0284871E300796609 /* HouseInfo.swift in Sources */ = {isa = PBXBuildFile; fileRef = 8D9D1F63283D355200EEF33A /* HouseInfo.swift */; };
		8D05F2D12848720D00796609 /* Extensions.swift in Sources */ = {isa = PBXBuildFile; fileRef = 8D6B3C0D283E095E00E24CE8 /* Extensions.swift */; };
		8D05F2D3284880F400796609 /* MainViewController.swift in Sources */ = {isa = PBXBuildFile; fileRef = 8D05F2D2284880F400796609 /* MainViewController.swift */; };
		8D05F2D52848824A00796609 /* WishListViewController.swift in Sources */ = {isa = PBXBuildFile; fileRef = 8D05F2D42848824A00796609 /* WishListViewController.swift */; };
		8D05F2D72848825700796609 /* ReservationViewController.swift in Sources */ = {isa = PBXBuildFile; fileRef = 8D05F2D62848825700796609 /* ReservationViewController.swift */; };
		8D05F2DB284898E600796609 /* HeroImageView.swift in Sources */ = {isa = PBXBuildFile; fileRef = 8D05F2DA284898E600796609 /* HeroImageView.swift */; };
		8D05F2DD28489DF800796609 /* HeroImageViewCell.swift in Sources */ = {isa = PBXBuildFile; fileRef = 8D05F2DC28489DF800796609 /* HeroImageViewCell.swift */; };
		8D05F2E12848ABBA00796609 /* NearSpotOverViewCell.swift in Sources */ = {isa = PBXBuildFile; fileRef = 8D05F2E02848ABBA00796609 /* NearSpotOverViewCell.swift */; };
		8D0AD764283C5EDD00575C3B /* AppDelegate.swift in Sources */ = {isa = PBXBuildFile; fileRef = 8D0AD763283C5EDD00575C3B /* AppDelegate.swift */; };
		8D0AD766283C5EDD00575C3B /* SceneDelegate.swift in Sources */ = {isa = PBXBuildFile; fileRef = 8D0AD765283C5EDD00575C3B /* SceneDelegate.swift */; };
		8D0AD768283C5EDD00575C3B /* TabBarController.swift in Sources */ = {isa = PBXBuildFile; fileRef = 8D0AD767283C5EDD00575C3B /* TabBarController.swift */; };
		8D0AD76D283C5EE000575C3B /* Assets.xcassets in Resources */ = {isa = PBXBuildFile; fileRef = 8D0AD76C283C5EE000575C3B /* Assets.xcassets */; };
		8D0AD770283C5EE000575C3B /* LaunchScreen.storyboard in Resources */ = {isa = PBXBuildFile; fileRef = 8D0AD76E283C5EE000575C3B /* LaunchScreen.storyboard */; };
		8D0AD77A283C61D700575C3B /* Alamofire in Frameworks */ = {isa = PBXBuildFile; productRef = 8D0AD779283C61D700575C3B /* Alamofire */; };
		8D0AD77D283C62F800575C3B /* SnapKit in Frameworks */ = {isa = PBXBuildFile; productRef = 8D0AD77C283C62F800575C3B /* SnapKit */; };
		8D0AD781283C718200575C3B /* MapViewController.swift in Sources */ = {isa = PBXBuildFile; fileRef = 8D0AD780283C718200575C3B /* MapViewController.swift */; };
		8D2241FD283CA470006A9043 /* MapView.swift in Sources */ = {isa = PBXBuildFile; fileRef = 8D2241FC283CA470006A9043 /* MapView.swift */; };
		8D224202283CB794006A9043 /* PriceLabel.swift in Sources */ = {isa = PBXBuildFile; fileRef = 8D224201283CB794006A9043 /* PriceLabel.swift */; };
		8D224204283CB7E4006A9043 /* PriceConverter.swift in Sources */ = {isa = PBXBuildFile; fileRef = 8D224203283CB7E4006A9043 /* PriceConverter.swift */; };
		8D224206283CB8AB006A9043 /* Constants.swift in Sources */ = {isa = PBXBuildFile; fileRef = 8D224205283CB8AB006A9043 /* Constants.swift */; };
		8D3DBB8F28445E7E007B6352 /* SearchResultRepository.swift in Sources */ = {isa = PBXBuildFile; fileRef = 8D3DBB8E28445E7D007B6352 /* SearchResultRepository.swift */; };
		8D3DBBA12845AB39007B6352 /* NetworkManager.swift in Sources */ = {isa = PBXBuildFile; fileRef = 8D3DBBA02845AB39007B6352 /* NetworkManager.swift */; };
		8D3DBBA42845B712007B6352 /* EndPoint.swift in Sources */ = {isa = PBXBuildFile; fileRef = 8D3DBBA32845B712007B6352 /* EndPoint.swift */; };
		8D3DBBA72845B728007B6352 /* NetworkManagable.swift in Sources */ = {isa = PBXBuildFile; fileRef = 8D3DBBA52845B728007B6352 /* NetworkManagable.swift */; };
		8D3DBBC52845E8D6007B6352 /* NetworkManagerTest.swift in Sources */ = {isa = PBXBuildFile; fileRef = 8D3DBBC42845E8D6007B6352 /* NetworkManagerTest.swift */; };
		8D3DBBCB2845E8EF007B6352 /* NetworkManagable.swift in Sources */ = {isa = PBXBuildFile; fileRef = 8D3DBBA52845B728007B6352 /* NetworkManagable.swift */; };
		8D3DBBCC2845E8F3007B6352 /* NetworkManager.swift in Sources */ = {isa = PBXBuildFile; fileRef = 8D3DBBA02845AB39007B6352 /* NetworkManager.swift */; };
		8D3DBBCD2845E8F5007B6352 /* EndPoint.swift in Sources */ = {isa = PBXBuildFile; fileRef = 8D3DBBA32845B712007B6352 /* EndPoint.swift */; };
		8D3DBBD12845E9A2007B6352 /* URLMockProtocol.swift in Sources */ = {isa = PBXBuildFile; fileRef = 8D3DBBD02845E9A2007B6352 /* URLMockProtocol.swift */; };
		8D3DBBD52845ECE1007B6352 /* MockDataModel.swift in Sources */ = {isa = PBXBuildFile; fileRef = 8D3DBBD42845ECE1007B6352 /* MockDataModel.swift */; };
		8D3DBBDB2845F152007B6352 /* MockData.json in Resources */ = {isa = PBXBuildFile; fileRef = 8D3DBBDA2845F152007B6352 /* MockData.json */; };
		8D554791284055E200C4D9D9 /* HeartButton.swift in Sources */ = {isa = PBXBuildFile; fileRef = 8D554790284055E200C4D9D9 /* HeartButton.swift */; };
		8D55479328405FE300C4D9D9 /* HouseNameLabel.swift in Sources */ = {isa = PBXBuildFile; fileRef = 8D55479228405FE300C4D9D9 /* HouseNameLabel.swift */; };
		8D6465E8283FAA1E0021C782 /* ResultCardCell.swift in Sources */ = {isa = PBXBuildFile; fileRef = 8D6465E7283FAA1E0021C782 /* ResultCardCell.swift */; };
		8D6465EC28404A5D0021C782 /* ListButtonDelegate.swift in Sources */ = {isa = PBXBuildFile; fileRef = 8D6465EB28404A5D0021C782 /* ListButtonDelegate.swift */; };
		8D6465EE284051DF0021C782 /* ReviewLabel.swift in Sources */ = {isa = PBXBuildFile; fileRef = 8D6465ED284051DF0021C782 /* ReviewLabel.swift */; };
		8D6465F0284051E70021C782 /* PricePerDayLabel.swift in Sources */ = {isa = PBXBuildFile; fileRef = 8D6465EF284051E70021C782 /* PricePerDayLabel.swift */; };
		8D6B3BFA283DB79800E24CE8 /* MapViewCardCell.swift in Sources */ = {isa = PBXBuildFile; fileRef = 8D6B3BF9283DB79800E24CE8 /* MapViewCardCell.swift */; };
		8D6B3BFC283DCCE400E24CE8 /* AddressConverter.swift in Sources */ = {isa = PBXBuildFile; fileRef = 8D6B3BFB283DCCE400E24CE8 /* AddressConverter.swift */; };
		8D6B3C05283DE6BB00E24CE8 /* ConverterUnitTest.swift in Sources */ = {isa = PBXBuildFile; fileRef = 8D6B3C04283DE6BB00E24CE8 /* ConverterUnitTest.swift */; };
		8D6B3C0B283DE71100E24CE8 /* PriceConverter.swift in Sources */ = {isa = PBXBuildFile; fileRef = 8D224203283CB7E4006A9043 /* PriceConverter.swift */; };
		8D6B3C0C283DE71300E24CE8 /* AddressConverter.swift in Sources */ = {isa = PBXBuildFile; fileRef = 8D6B3BFB283DCCE400E24CE8 /* AddressConverter.swift */; };
		8D6B3C0E283E095E00E24CE8 /* Extensions.swift in Sources */ = {isa = PBXBuildFile; fileRef = 8D6B3C0D283E095E00E24CE8 /* Extensions.swift */; };
		8D8017CA284DB4070068C655 /* MainViewSectionCreator.swift in Sources */ = {isa = PBXBuildFile; fileRef = 8D8017C9284DB4070068C655 /* MainViewSectionCreator.swift */; };
		8D8017CC284DB45D0068C655 /* HeroImageSectionFactory.swift in Sources */ = {isa = PBXBuildFile; fileRef = 8D8017CB284DB45D0068C655 /* HeroImageSectionFactory.swift */; };
		8D8017CE284DB6030068C655 /* NearSpotSectionFactory.swift in Sources */ = {isa = PBXBuildFile; fileRef = 8D8017CD284DB6030068C655 /* NearSpotSectionFactory.swift */; };
		8D8017D0284DB6480068C655 /* RecommendSectionFactory.swift in Sources */ = {isa = PBXBuildFile; fileRef = 8D8017CF284DB6480068C655 /* RecommendSectionFactory.swift */; };
		8D8017D2284DB9FF0068C655 /* SearchBarResultController.swift in Sources */ = {isa = PBXBuildFile; fileRef = 8D8017D1284DB9FF0068C655 /* SearchBarResultController.swift */; };
		8D9D1F5C283CE24300EEF33A /* PriceAnnotationView.swift in Sources */ = {isa = PBXBuildFile; fileRef = 8D9D1F5B283CE24300EEF33A /* PriceAnnotationView.swift */; };
		8D9D1F64283D355200EEF33A /* HouseInfo.swift in Sources */ = {isa = PBXBuildFile; fileRef = 8D9D1F63283D355200EEF33A /* HouseInfo.swift */; };
		8DA35039283F26FF00B72BA9 /* HeartButtonDelegate.swift in Sources */ = {isa = PBXBuildFile; fileRef = 8DA35038283F26FF00B72BA9 /* HeartButtonDelegate.swift */; };
		8DA3503B283F47D400B72BA9 /* MapCardCollectionViewDataSource.swift in Sources */ = {isa = PBXBuildFile; fileRef = 8DA3503A283F47D400B72BA9 /* MapCardCollectionViewDataSource.swift */; };
		8DA3503F283F630900B72BA9 /* SearchResultViewController.swift in Sources */ = {isa = PBXBuildFile; fileRef = 8DA3503E283F630900B72BA9 /* SearchResultViewController.swift */; };
		8DD56DE3284602AE00B357DA /* ResultHeaderView.swift in Sources */ = {isa = PBXBuildFile; fileRef = 8DD56DE2284602AE00B357DA /* ResultHeaderView.swift */; };
		8DF10487284745B50005CCD5 /* URLMockProtocol.swift in Sources */ = {isa = PBXBuildFile; fileRef = 8D3DBBD02845E9A2007B6352 /* URLMockProtocol.swift */; };
		8DF10489284745D20005CCD5 /* MockHouseInfoData.json in Resources */ = {isa = PBXBuildFile; fileRef = 8DF10488284745D20005CCD5 /* MockHouseInfoData.json */; };
		8DF1048D28476BB50005CCD5 /* Observable.swift in Sources */ = {isa = PBXBuildFile; fileRef = 8DF1048C28476BB50005CCD5 /* Observable.swift */; };
		8DF1048F284783680005CCD5 /* SearchResultViewModel.swift in Sources */ = {isa = PBXBuildFile; fileRef = 8DF1048E284783680005CCD5 /* SearchResultViewModel.swift */; };
		8DF21C9E2840654D00F2F8E9 /* HouseImageView.swift in Sources */ = {isa = PBXBuildFile; fileRef = 8DF21C9D2840654D00F2F8E9 /* HouseImageView.swift */; };
		8DF21CA428406F6800F2F8E9 /* SearchResultTableViewDataSource.swift in Sources */ = {isa = PBXBuildFile; fileRef = 8DF21CA328406F6800F2F8E9 /* SearchResultTableViewDataSource.swift */; };
		8DFE2767284859650003D226 /* SearchResultRepoitoriable.swift in Sources */ = {isa = PBXBuildFile; fileRef = 8DFE2766284859650003D226 /* SearchResultRepoitoriable.swift */; };
		8DFF04862849B1E900EEA0F3 /* MainHeaderView.swift in Sources */ = {isa = PBXBuildFile; fileRef = 8DFF04852849B1E900EEA0F3 /* MainHeaderView.swift */; };
		8DFF04882849B82300EEA0F3 /* RecommendCardCell.swift in Sources */ = {isa = PBXBuildFile; fileRef = 8DFF04872849B82300EEA0F3 /* RecommendCardCell.swift */; };
		8DFF048A2849BCF600EEA0F3 /* MainCollectionViewDataSource.swift in Sources */ = {isa = PBXBuildFile; fileRef = 8DFF04892849BCF600EEA0F3 /* MainCollectionViewDataSource.swift */; };
/* End PBXBuildFile section */

/* Begin PBXContainerItemProxy section */
		8D05F2C228486F4E00796609 /* PBXContainerItemProxy */ = {
			isa = PBXContainerItemProxy;
			containerPortal = 8D0AD758283C5EDD00575C3B /* Project object */;
			proxyType = 1;
			remoteGlobalIDString = 8D0AD75F283C5EDD00575C3B;
			remoteInfo = AirbnbApp;
		};
		8D3DBBC62845E8D7007B6352 /* PBXContainerItemProxy */ = {
			isa = PBXContainerItemProxy;
			containerPortal = 8D0AD758283C5EDD00575C3B /* Project object */;
			proxyType = 1;
			remoteGlobalIDString = 8D0AD75F283C5EDD00575C3B;
			remoteInfo = AirbnbApp;
		};
		8D6B3C06283DE6BB00E24CE8 /* PBXContainerItemProxy */ = {
			isa = PBXContainerItemProxy;
			containerPortal = 8D0AD758283C5EDD00575C3B /* Project object */;
			proxyType = 1;
			remoteGlobalIDString = 8D0AD75F283C5EDD00575C3B;
			remoteInfo = AirbnbApp;
		};
/* End PBXContainerItemProxy section */

/* Begin PBXFileReference section */
		8D05F2BE28486F4E00796609 /* ViewModelUnitTest.xctest */ = {isa = PBXFileReference; explicitFileType = wrapper.cfbundle; includeInIndex = 0; path = ViewModelUnitTest.xctest; sourceTree = BUILT_PRODUCTS_DIR; };
		8D05F2C028486F4E00796609 /* HouseInfoBundleViewModelUnitTest.swift */ = {isa = PBXFileReference; lastKnownFileType = sourcecode.swift; path = HouseInfoBundleViewModelUnitTest.swift; sourceTree = "<group>"; };
		8D05F2D2284880F400796609 /* MainViewController.swift */ = {isa = PBXFileReference; lastKnownFileType = sourcecode.swift; path = MainViewController.swift; sourceTree = "<group>"; };
		8D05F2D42848824A00796609 /* WishListViewController.swift */ = {isa = PBXFileReference; lastKnownFileType = sourcecode.swift; path = WishListViewController.swift; sourceTree = "<group>"; };
		8D05F2D62848825700796609 /* ReservationViewController.swift */ = {isa = PBXFileReference; lastKnownFileType = sourcecode.swift; path = ReservationViewController.swift; sourceTree = "<group>"; };
		8D05F2DA284898E600796609 /* HeroImageView.swift */ = {isa = PBXFileReference; lastKnownFileType = sourcecode.swift; path = HeroImageView.swift; sourceTree = "<group>"; };
		8D05F2DC28489DF800796609 /* HeroImageViewCell.swift */ = {isa = PBXFileReference; lastKnownFileType = sourcecode.swift; path = HeroImageViewCell.swift; sourceTree = "<group>"; };
		8D05F2E02848ABBA00796609 /* NearSpotOverViewCell.swift */ = {isa = PBXFileReference; lastKnownFileType = sourcecode.swift; path = NearSpotOverViewCell.swift; sourceTree = "<group>"; };
		8D0AD760283C5EDD00575C3B /* AirbnbApp.app */ = {isa = PBXFileReference; explicitFileType = wrapper.application; includeInIndex = 0; path = AirbnbApp.app; sourceTree = BUILT_PRODUCTS_DIR; };
		8D0AD763283C5EDD00575C3B /* AppDelegate.swift */ = {isa = PBXFileReference; lastKnownFileType = sourcecode.swift; path = AppDelegate.swift; sourceTree = "<group>"; };
		8D0AD765283C5EDD00575C3B /* SceneDelegate.swift */ = {isa = PBXFileReference; lastKnownFileType = sourcecode.swift; path = SceneDelegate.swift; sourceTree = "<group>"; };
		8D0AD767283C5EDD00575C3B /* TabBarController.swift */ = {isa = PBXFileReference; lastKnownFileType = sourcecode.swift; path = TabBarController.swift; sourceTree = "<group>"; };
		8D0AD76C283C5EE000575C3B /* Assets.xcassets */ = {isa = PBXFileReference; lastKnownFileType = folder.assetcatalog; path = Assets.xcassets; sourceTree = "<group>"; };
		8D0AD76F283C5EE000575C3B /* Base */ = {isa = PBXFileReference; lastKnownFileType = file.storyboard; name = Base; path = Base.lproj/LaunchScreen.storyboard; sourceTree = "<group>"; };
		8D0AD771283C5EE000575C3B /* Info.plist */ = {isa = PBXFileReference; lastKnownFileType = text.plist.xml; path = Info.plist; sourceTree = "<group>"; };
		8D0AD780283C718200575C3B /* MapViewController.swift */ = {isa = PBXFileReference; lastKnownFileType = sourcecode.swift; path = MapViewController.swift; sourceTree = "<group>"; };
		8D2241FC283CA470006A9043 /* MapView.swift */ = {isa = PBXFileReference; lastKnownFileType = sourcecode.swift; path = MapView.swift; sourceTree = "<group>"; };
		8D224201283CB794006A9043 /* PriceLabel.swift */ = {isa = PBXFileReference; lastKnownFileType = sourcecode.swift; path = PriceLabel.swift; sourceTree = "<group>"; };
		8D224203283CB7E4006A9043 /* PriceConverter.swift */ = {isa = PBXFileReference; lastKnownFileType = sourcecode.swift; path = PriceConverter.swift; sourceTree = "<group>"; };
		8D224205283CB8AB006A9043 /* Constants.swift */ = {isa = PBXFileReference; lastKnownFileType = sourcecode.swift; path = Constants.swift; sourceTree = "<group>"; };
		8D3DBB8E28445E7D007B6352 /* SearchResultRepository.swift */ = {isa = PBXFileReference; lastKnownFileType = sourcecode.swift; path = SearchResultRepository.swift; sourceTree = "<group>"; };
		8D3DBBA02845AB39007B6352 /* NetworkManager.swift */ = {isa = PBXFileReference; lastKnownFileType = sourcecode.swift; path = NetworkManager.swift; sourceTree = "<group>"; };
		8D3DBBA32845B712007B6352 /* EndPoint.swift */ = {isa = PBXFileReference; fileEncoding = 4; lastKnownFileType = sourcecode.swift; path = EndPoint.swift; sourceTree = "<group>"; };
		8D3DBBA52845B728007B6352 /* NetworkManagable.swift */ = {isa = PBXFileReference; fileEncoding = 4; lastKnownFileType = sourcecode.swift; path = NetworkManagable.swift; sourceTree = "<group>"; };
		8D3DBBC22845E8D6007B6352 /* NetworkManagerTest.xctest */ = {isa = PBXFileReference; explicitFileType = wrapper.cfbundle; includeInIndex = 0; path = NetworkManagerTest.xctest; sourceTree = BUILT_PRODUCTS_DIR; };
		8D3DBBC42845E8D6007B6352 /* NetworkManagerTest.swift */ = {isa = PBXFileReference; lastKnownFileType = sourcecode.swift; path = NetworkManagerTest.swift; sourceTree = "<group>"; };
		8D3DBBD02845E9A2007B6352 /* URLMockProtocol.swift */ = {isa = PBXFileReference; fileEncoding = 4; lastKnownFileType = sourcecode.swift; path = URLMockProtocol.swift; sourceTree = "<group>"; };
		8D3DBBD42845ECE1007B6352 /* MockDataModel.swift */ = {isa = PBXFileReference; lastKnownFileType = sourcecode.swift; path = MockDataModel.swift; sourceTree = "<group>"; };
		8D3DBBDA2845F152007B6352 /* MockData.json */ = {isa = PBXFileReference; lastKnownFileType = text.json; path = MockData.json; sourceTree = "<group>"; };
		8D554790284055E200C4D9D9 /* HeartButton.swift */ = {isa = PBXFileReference; lastKnownFileType = sourcecode.swift; path = HeartButton.swift; sourceTree = "<group>"; };
		8D55479228405FE300C4D9D9 /* HouseNameLabel.swift */ = {isa = PBXFileReference; lastKnownFileType = sourcecode.swift; path = HouseNameLabel.swift; sourceTree = "<group>"; };
		8D6465E7283FAA1E0021C782 /* ResultCardCell.swift */ = {isa = PBXFileReference; lastKnownFileType = sourcecode.swift; path = ResultCardCell.swift; sourceTree = "<group>"; };
		8D6465EB28404A5D0021C782 /* ListButtonDelegate.swift */ = {isa = PBXFileReference; lastKnownFileType = sourcecode.swift; path = ListButtonDelegate.swift; sourceTree = "<group>"; };
		8D6465ED284051DF0021C782 /* ReviewLabel.swift */ = {isa = PBXFileReference; lastKnownFileType = sourcecode.swift; path = ReviewLabel.swift; sourceTree = "<group>"; };
		8D6465EF284051E70021C782 /* PricePerDayLabel.swift */ = {isa = PBXFileReference; lastKnownFileType = sourcecode.swift; path = PricePerDayLabel.swift; sourceTree = "<group>"; };
		8D6B3BF9283DB79800E24CE8 /* MapViewCardCell.swift */ = {isa = PBXFileReference; lastKnownFileType = sourcecode.swift; path = MapViewCardCell.swift; sourceTree = "<group>"; };
		8D6B3BFB283DCCE400E24CE8 /* AddressConverter.swift */ = {isa = PBXFileReference; lastKnownFileType = sourcecode.swift; path = AddressConverter.swift; sourceTree = "<group>"; };
		8D6B3C02283DE6BB00E24CE8 /* ConverterUnitTest.xctest */ = {isa = PBXFileReference; explicitFileType = wrapper.cfbundle; includeInIndex = 0; path = ConverterUnitTest.xctest; sourceTree = BUILT_PRODUCTS_DIR; };
		8D6B3C04283DE6BB00E24CE8 /* ConverterUnitTest.swift */ = {isa = PBXFileReference; lastKnownFileType = sourcecode.swift; path = ConverterUnitTest.swift; sourceTree = "<group>"; };
		8D6B3C0D283E095E00E24CE8 /* Extensions.swift */ = {isa = PBXFileReference; lastKnownFileType = sourcecode.swift; path = Extensions.swift; sourceTree = "<group>"; };
		8D8017C9284DB4070068C655 /* MainViewSectionCreator.swift */ = {isa = PBXFileReference; lastKnownFileType = sourcecode.swift; path = MainViewSectionCreator.swift; sourceTree = "<group>"; };
		8D8017CB284DB45D0068C655 /* HeroImageSectionFactory.swift */ = {isa = PBXFileReference; lastKnownFileType = sourcecode.swift; path = HeroImageSectionFactory.swift; sourceTree = "<group>"; };
		8D8017CD284DB6030068C655 /* NearSpotSectionFactory.swift */ = {isa = PBXFileReference; lastKnownFileType = sourcecode.swift; path = NearSpotSectionFactory.swift; sourceTree = "<group>"; };
		8D8017CF284DB6480068C655 /* RecommendSectionFactory.swift */ = {isa = PBXFileReference; lastKnownFileType = sourcecode.swift; path = RecommendSectionFactory.swift; sourceTree = "<group>"; };
		8D8017D1284DB9FF0068C655 /* SearchBarResultController.swift */ = {isa = PBXFileReference; lastKnownFileType = sourcecode.swift; path = SearchBarResultController.swift; sourceTree = "<group>"; };
		8D9D1F5B283CE24300EEF33A /* PriceAnnotationView.swift */ = {isa = PBXFileReference; lastKnownFileType = sourcecode.swift; path = PriceAnnotationView.swift; sourceTree = "<group>"; };
		8D9D1F63283D355200EEF33A /* HouseInfo.swift */ = {isa = PBXFileReference; lastKnownFileType = sourcecode.swift; path = HouseInfo.swift; sourceTree = "<group>"; };
		8DA35038283F26FF00B72BA9 /* HeartButtonDelegate.swift */ = {isa = PBXFileReference; lastKnownFileType = sourcecode.swift; path = HeartButtonDelegate.swift; sourceTree = "<group>"; };
		8DA3503A283F47D400B72BA9 /* MapCardCollectionViewDataSource.swift */ = {isa = PBXFileReference; lastKnownFileType = sourcecode.swift; path = MapCardCollectionViewDataSource.swift; sourceTree = "<group>"; };
		8DA3503E283F630900B72BA9 /* SearchResultViewController.swift */ = {isa = PBXFileReference; lastKnownFileType = sourcecode.swift; path = SearchResultViewController.swift; sourceTree = "<group>"; };
		8DD56DE2284602AE00B357DA /* ResultHeaderView.swift */ = {isa = PBXFileReference; lastKnownFileType = sourcecode.swift; path = ResultHeaderView.swift; sourceTree = "<group>"; };
		8DF10488284745D20005CCD5 /* MockHouseInfoData.json */ = {isa = PBXFileReference; lastKnownFileType = text.json; path = MockHouseInfoData.json; sourceTree = "<group>"; };
		8DF1048C28476BB50005CCD5 /* Observable.swift */ = {isa = PBXFileReference; lastKnownFileType = sourcecode.swift; path = Observable.swift; sourceTree = "<group>"; };
		8DF1048E284783680005CCD5 /* SearchResultViewModel.swift */ = {isa = PBXFileReference; lastKnownFileType = sourcecode.swift; path = SearchResultViewModel.swift; sourceTree = "<group>"; };
		8DF21C9D2840654D00F2F8E9 /* HouseImageView.swift */ = {isa = PBXFileReference; lastKnownFileType = sourcecode.swift; path = HouseImageView.swift; sourceTree = "<group>"; };
		8DF21CA328406F6800F2F8E9 /* SearchResultTableViewDataSource.swift */ = {isa = PBXFileReference; lastKnownFileType = sourcecode.swift; path = SearchResultTableViewDataSource.swift; sourceTree = "<group>"; };
		8DFE2766284859650003D226 /* SearchResultRepoitoriable.swift */ = {isa = PBXFileReference; lastKnownFileType = sourcecode.swift; path = SearchResultRepoitoriable.swift; sourceTree = "<group>"; };
		8DFF04852849B1E900EEA0F3 /* MainHeaderView.swift */ = {isa = PBXFileReference; lastKnownFileType = sourcecode.swift; path = MainHeaderView.swift; sourceTree = "<group>"; };
		8DFF04872849B82300EEA0F3 /* RecommendCardCell.swift */ = {isa = PBXFileReference; lastKnownFileType = sourcecode.swift; path = RecommendCardCell.swift; sourceTree = "<group>"; };
		8DFF04892849BCF600EEA0F3 /* MainCollectionViewDataSource.swift */ = {isa = PBXFileReference; lastKnownFileType = sourcecode.swift; path = MainCollectionViewDataSource.swift; sourceTree = "<group>"; };
/* End PBXFileReference section */

/* Begin PBXFrameworksBuildPhase section */
		8D05F2BB28486F4E00796609 /* Frameworks */ = {
			isa = PBXFrameworksBuildPhase;
			buildActionMask = 2147483647;
			files = (
			);
			runOnlyForDeploymentPostprocessing = 0;
		};
		8D0AD75D283C5EDD00575C3B /* Frameworks */ = {
			isa = PBXFrameworksBuildPhase;
			buildActionMask = 2147483647;
			files = (
				8D0AD77A283C61D700575C3B /* Alamofire in Frameworks */,
				8D0AD77D283C62F800575C3B /* SnapKit in Frameworks */,
			);
			runOnlyForDeploymentPostprocessing = 0;
		};
		8D3DBBBF2845E8D6007B6352 /* Frameworks */ = {
			isa = PBXFrameworksBuildPhase;
			buildActionMask = 2147483647;
			files = (
			);
			runOnlyForDeploymentPostprocessing = 0;
		};
		8D6B3BFF283DE6BB00E24CE8 /* Frameworks */ = {
			isa = PBXFrameworksBuildPhase;
			buildActionMask = 2147483647;
			files = (
			);
			runOnlyForDeploymentPostprocessing = 0;
		};
/* End PBXFrameworksBuildPhase section */

/* Begin PBXGroup section */
		8D05F2BF28486F4E00796609 /* ViewModelUnitTest */ = {
			isa = PBXGroup;
			children = (
				8D05F2C028486F4E00796609 /* HouseInfoBundleViewModelUnitTest.swift */,
			);
			path = ViewModelUnitTest;
			sourceTree = "<group>";
		};
		8D0AD757283C5EDD00575C3B = {
			isa = PBXGroup;
			children = (
				8D0AD762283C5EDD00575C3B /* AirbnbApp */,
				8D6B3C03283DE6BB00E24CE8 /* ConverterUnitTest */,
				8D3DBBC32845E8D6007B6352 /* NetworkManagerTest */,
				8D05F2BF28486F4E00796609 /* ViewModelUnitTest */,
				8D0AD761283C5EDD00575C3B /* Products */,
			);
			sourceTree = "<group>";
		};
		8D0AD761283C5EDD00575C3B /* Products */ = {
			isa = PBXGroup;
			children = (
				8D0AD760283C5EDD00575C3B /* AirbnbApp.app */,
				8D6B3C02283DE6BB00E24CE8 /* ConverterUnitTest.xctest */,
				8D3DBBC22845E8D6007B6352 /* NetworkManagerTest.xctest */,
				8D05F2BE28486F4E00796609 /* ViewModelUnitTest.xctest */,
			);
			name = Products;
			sourceTree = "<group>";
		};
		8D0AD762283C5EDD00575C3B /* AirbnbApp */ = {
			isa = PBXGroup;
			children = (
				8D3DBBAE2845E410007B6352 /* ViewController */,
				8DF104902847938F0005CCD5 /* ViewModel */,
				8DF21CA528406F7000F2F8E9 /* View */,
				8D55478F284054C700C4D9D9 /* ReuseableView */,
				8D3DBBAD2845E3F6007B6352 /* Model */,
				8D6465E6283FAA040021C782 /* Repository */,
				8D3DBBA22845AB4F007B6352 /* NetworkService */,
				8D3DBBAF2845E4A3007B6352 /* Delegate */,
				8D6B3BFD283DD21F00E24CE8 /* Converter */,
				8D6B3C0F283E096300E24CE8 /* Extension */,
				8D0AD777283C600C00575C3B /* SupportingFiles */,
				8D0AD771283C5EE000575C3B /* Info.plist */,
			);
			path = AirbnbApp;
			sourceTree = "<group>";
		};
		8D0AD777283C600C00575C3B /* SupportingFiles */ = {
			isa = PBXGroup;
			children = (
				8DF10488284745D20005CCD5 /* MockHouseInfoData.json */,
				8D224205283CB8AB006A9043 /* Constants.swift */,
				8D0AD763283C5EDD00575C3B /* AppDelegate.swift */,
				8D0AD765283C5EDD00575C3B /* SceneDelegate.swift */,
				8D0AD76C283C5EE000575C3B /* Assets.xcassets */,
				8D0AD76E283C5EE000575C3B /* LaunchScreen.storyboard */,
			);
			path = SupportingFiles;
			sourceTree = "<group>";
		};
		8D224200283CA7C2006A9043 /* Map */ = {
			isa = PBXGroup;
			children = (
				8D9D1F5B283CE24300EEF33A /* PriceAnnotationView.swift */,
				8D224201283CB794006A9043 /* PriceLabel.swift */,
				8D2241FC283CA470006A9043 /* MapView.swift */,
			);
			path = Map;
			sourceTree = "<group>";
		};
		8D3DBBA22845AB4F007B6352 /* NetworkService */ = {
			isa = PBXGroup;
			children = (
				8D3DBBA02845AB39007B6352 /* NetworkManager.swift */,
				8D3DBBA52845B728007B6352 /* NetworkManagable.swift */,
				8D3DBBA32845B712007B6352 /* EndPoint.swift */,
			);
			path = NetworkService;
			sourceTree = "<group>";
		};
		8D3DBBAD2845E3F6007B6352 /* Model */ = {
			isa = PBXGroup;
			children = (
				8D9D1F63283D355200EEF33A /* HouseInfo.swift */,
			);
			path = Model;
			sourceTree = "<group>";
		};
		8D3DBBAE2845E410007B6352 /* ViewController */ = {
			isa = PBXGroup;
			children = (
				8D0AD767283C5EDD00575C3B /* TabBarController.swift */,
				8D8017C8284DB3AD0068C655 /* Main */,
				8D8017D3284DBA260068C655 /* Search */,
				8D05F2D42848824A00796609 /* WishListViewController.swift */,
				8D05F2D62848825700796609 /* ReservationViewController.swift */,
				8DA3503E283F630900B72BA9 /* SearchResultViewController.swift */,
				8D0AD780283C718200575C3B /* MapViewController.swift */,
			);
			path = ViewController;
			sourceTree = "<group>";
		};
		8D3DBBAF2845E4A3007B6352 /* Delegate */ = {
			isa = PBXGroup;
			children = (
				8DA35038283F26FF00B72BA9 /* HeartButtonDelegate.swift */,
				8D6465EB28404A5D0021C782 /* ListButtonDelegate.swift */,
			);
			path = Delegate;
			sourceTree = "<group>";
		};
		8D3DBBB02845E516007B6352 /* TableView */ = {
			isa = PBXGroup;
			children = (
				8DF21CA328406F6800F2F8E9 /* SearchResultTableViewDataSource.swift */,
				8D6465E7283FAA1E0021C782 /* ResultCardCell.swift */,
				8DD56DE2284602AE00B357DA /* ResultHeaderView.swift */,
			);
			path = TableView;
			sourceTree = "<group>";
		};
		8D3DBBC32845E8D6007B6352 /* NetworkManagerTest */ = {
			isa = PBXGroup;
			children = (
				8D3DBBC42845E8D6007B6352 /* NetworkManagerTest.swift */,
				8D3DBBD42845ECE1007B6352 /* MockDataModel.swift */,
				8D3DBBDA2845F152007B6352 /* MockData.json */,
				8D3DBBD02845E9A2007B6352 /* URLMockProtocol.swift */,
			);
			path = NetworkManagerTest;
			sourceTree = "<group>";
		};
		8D55478F284054C700C4D9D9 /* ReuseableView */ = {
			isa = PBXGroup;
			children = (
				8DF21C9D2840654D00F2F8E9 /* HouseImageView.swift */,
				8D6465ED284051DF0021C782 /* ReviewLabel.swift */,
				8D6465EF284051E70021C782 /* PricePerDayLabel.swift */,
				8D554790284055E200C4D9D9 /* HeartButton.swift */,
				8D55479228405FE300C4D9D9 /* HouseNameLabel.swift */,
			);
			path = ReuseableView;
			sourceTree = "<group>";
		};
		8D6465E6283FAA040021C782 /* Repository */ = {
			isa = PBXGroup;
			children = (
				8D3DBB8E28445E7D007B6352 /* SearchResultRepository.swift */,
				8DFE2766284859650003D226 /* SearchResultRepoitoriable.swift */,
			);
			path = Repository;
			sourceTree = "<group>";
		};
		8D6B3BFD283DD21F00E24CE8 /* Converter */ = {
			isa = PBXGroup;
			children = (
				8D224203283CB7E4006A9043 /* PriceConverter.swift */,
				8D6B3BFB283DCCE400E24CE8 /* AddressConverter.swift */,
			);
			path = Converter;
			sourceTree = "<group>";
		};
		8D6B3C03283DE6BB00E24CE8 /* ConverterUnitTest */ = {
			isa = PBXGroup;
			children = (
				8D6B3C04283DE6BB00E24CE8 /* ConverterUnitTest.swift */,
			);
			path = ConverterUnitTest;
			sourceTree = "<group>";
		};
		8D6B3C0F283E096300E24CE8 /* Extension */ = {
			isa = PBXGroup;
			children = (
				8D6B3C0D283E095E00E24CE8 /* Extensions.swift */,
			);
			path = Extension;
			sourceTree = "<group>";
		};
		8D8017C8284DB3AD0068C655 /* Main */ = {
			isa = PBXGroup;
			children = (
				8D05F2D2284880F400796609 /* MainViewController.swift */,
				8DFF04892849BCF600EEA0F3 /* MainCollectionViewDataSource.swift */,
				8D8017CB284DB45D0068C655 /* HeroImageSectionFactory.swift */,
				8D8017CD284DB6030068C655 /* NearSpotSectionFactory.swift */,
				8D8017CF284DB6480068C655 /* RecommendSectionFactory.swift */,
				8D8017C9284DB4070068C655 /* MainViewSectionCreator.swift */,
			);
			path = Main;
			sourceTree = "<group>";
		};
		8D8017D3284DBA260068C655 /* Search */ = {
			isa = PBXGroup;
			children = (
				8D8017D1284DB9FF0068C655 /* SearchBarResultController.swift */,
			);
			path = Search;
			sourceTree = "<group>";
		};
		8DA3503D283F53C900B72BA9 /* CollectionView */ = {
			isa = PBXGroup;
			children = (
				8D6B3BF9283DB79800E24CE8 /* MapViewCardCell.swift */,
				8DA3503A283F47D400B72BA9 /* MapCardCollectionViewDataSource.swift */,
			);
			path = CollectionView;
			sourceTree = "<group>";
		};
		8DF104902847938F0005CCD5 /* ViewModel */ = {
			isa = PBXGroup;
			children = (
				8DF1048E284783680005CCD5 /* SearchResultViewModel.swift */,
				8DF1048C28476BB50005CCD5 /* Observable.swift */,
			);
			path = ViewModel;
			sourceTree = "<group>";
		};
		8DF21CA528406F7000F2F8E9 /* View */ = {
			isa = PBXGroup;
			children = (
				8D05F2E02848ABBA00796609 /* NearSpotOverViewCell.swift */,
				8DFF04872849B82300EEA0F3 /* RecommendCardCell.swift */,
				8D05F2DC28489DF800796609 /* HeroImageViewCell.swift */,
				8D05F2DA284898E600796609 /* HeroImageView.swift */,
				8DFF04852849B1E900EEA0F3 /* MainHeaderView.swift */,
				8D3DBBB02845E516007B6352 /* TableView */,
				8DA3503D283F53C900B72BA9 /* CollectionView */,
				8D224200283CA7C2006A9043 /* Map */,
			);
			path = View;
			sourceTree = "<group>";
		};
/* End PBXGroup section */

/* Begin PBXNativeTarget section */
		8D05F2BD28486F4E00796609 /* ViewModelUnitTest */ = {
			isa = PBXNativeTarget;
			buildConfigurationList = 8D05F2C428486F4E00796609 /* Build configuration list for PBXNativeTarget "ViewModelUnitTest" */;
			buildPhases = (
				8D05F2BA28486F4E00796609 /* Sources */,
				8D05F2BB28486F4E00796609 /* Frameworks */,
				8D05F2BC28486F4E00796609 /* Resources */,
			);
			buildRules = (
			);
			dependencies = (
				8D05F2C328486F4E00796609 /* PBXTargetDependency */,
			);
			name = ViewModelUnitTest;
			productName = ViewModelUnitTest;
			productReference = 8D05F2BE28486F4E00796609 /* ViewModelUnitTest.xctest */;
			productType = "com.apple.product-type.bundle.unit-test";
		};
		8D0AD75F283C5EDD00575C3B /* AirbnbApp */ = {
			isa = PBXNativeTarget;
			buildConfigurationList = 8D0AD774283C5EE000575C3B /* Build configuration list for PBXNativeTarget "AirbnbApp" */;
			buildPhases = (
				8D0AD75C283C5EDD00575C3B /* Sources */,
				8D0AD75D283C5EDD00575C3B /* Frameworks */,
				8D0AD75E283C5EDD00575C3B /* Resources */,
			);
			buildRules = (
			);
			dependencies = (
			);
			name = AirbnbApp;
			packageProductDependencies = (
				8D0AD779283C61D700575C3B /* Alamofire */,
				8D0AD77C283C62F800575C3B /* SnapKit */,
			);
			productName = AirbnbApp;
			productReference = 8D0AD760283C5EDD00575C3B /* AirbnbApp.app */;
			productType = "com.apple.product-type.application";
		};
		8D3DBBC12845E8D6007B6352 /* NetworkManagerTest */ = {
			isa = PBXNativeTarget;
			buildConfigurationList = 8D3DBBC82845E8D7007B6352 /* Build configuration list for PBXNativeTarget "NetworkManagerTest" */;
			buildPhases = (
				8D3DBBBE2845E8D6007B6352 /* Sources */,
				8D3DBBBF2845E8D6007B6352 /* Frameworks */,
				8D3DBBC02845E8D6007B6352 /* Resources */,
			);
			buildRules = (
			);
			dependencies = (
				8D3DBBC72845E8D7007B6352 /* PBXTargetDependency */,
			);
			name = NetworkManagerTest;
			productName = NetworkManagerTest;
			productReference = 8D3DBBC22845E8D6007B6352 /* NetworkManagerTest.xctest */;
			productType = "com.apple.product-type.bundle.unit-test";
		};
		8D6B3C01283DE6BB00E24CE8 /* ConverterUnitTest */ = {
			isa = PBXNativeTarget;
			buildConfigurationList = 8D6B3C08283DE6BB00E24CE8 /* Build configuration list for PBXNativeTarget "ConverterUnitTest" */;
			buildPhases = (
				8D6B3BFE283DE6BB00E24CE8 /* Sources */,
				8D6B3BFF283DE6BB00E24CE8 /* Frameworks */,
				8D6B3C00283DE6BB00E24CE8 /* Resources */,
			);
			buildRules = (
			);
			dependencies = (
				8D6B3C07283DE6BB00E24CE8 /* PBXTargetDependency */,
			);
			name = ConverterUnitTest;
			productName = ConverterUnitTest;
			productReference = 8D6B3C02283DE6BB00E24CE8 /* ConverterUnitTest.xctest */;
			productType = "com.apple.product-type.bundle.unit-test";
		};
/* End PBXNativeTarget section */

/* Begin PBXProject section */
		8D0AD758283C5EDD00575C3B /* Project object */ = {
			isa = PBXProject;
			attributes = {
				BuildIndependentTargetsInParallel = 1;
				LastSwiftUpdateCheck = 1340;
				LastUpgradeCheck = 1340;
				TargetAttributes = {
					8D05F2BD28486F4E00796609 = {
						CreatedOnToolsVersion = 13.4;
						TestTargetID = 8D0AD75F283C5EDD00575C3B;
					};
					8D0AD75F283C5EDD00575C3B = {
						CreatedOnToolsVersion = 13.4;
					};
					8D3DBBC12845E8D6007B6352 = {
						CreatedOnToolsVersion = 13.4;
						TestTargetID = 8D0AD75F283C5EDD00575C3B;
					};
					8D6B3C01283DE6BB00E24CE8 = {
						CreatedOnToolsVersion = 13.4;
						TestTargetID = 8D0AD75F283C5EDD00575C3B;
					};
				};
			};
			buildConfigurationList = 8D0AD75B283C5EDD00575C3B /* Build configuration list for PBXProject "AirbnbApp" */;
			compatibilityVersion = "Xcode 13.0";
			developmentRegion = en;
			hasScannedForEncodings = 0;
			knownRegions = (
				en,
				Base,
			);
			mainGroup = 8D0AD757283C5EDD00575C3B;
			packageReferences = (
				8D0AD778283C61D700575C3B /* XCRemoteSwiftPackageReference "Alamofire" */,
				8D0AD77B283C62F700575C3B /* XCRemoteSwiftPackageReference "SnapKit" */,
			);
			productRefGroup = 8D0AD761283C5EDD00575C3B /* Products */;
			projectDirPath = "";
			projectRoot = "";
			targets = (
				8D0AD75F283C5EDD00575C3B /* AirbnbApp */,
				8D6B3C01283DE6BB00E24CE8 /* ConverterUnitTest */,
				8D3DBBC12845E8D6007B6352 /* NetworkManagerTest */,
				8D05F2BD28486F4E00796609 /* ViewModelUnitTest */,
			);
		};
/* End PBXProject section */

/* Begin PBXResourcesBuildPhase section */
		8D05F2BC28486F4E00796609 /* Resources */ = {
			isa = PBXResourcesBuildPhase;
			buildActionMask = 2147483647;
			files = (
				8D05F2CB2848710C00796609 /* MockHouseInfoData.json in Resources */,
			);
			runOnlyForDeploymentPostprocessing = 0;
		};
		8D0AD75E283C5EDD00575C3B /* Resources */ = {
			isa = PBXResourcesBuildPhase;
			buildActionMask = 2147483647;
			files = (
				8D0AD770283C5EE000575C3B /* LaunchScreen.storyboard in Resources */,
				8DF10489284745D20005CCD5 /* MockHouseInfoData.json in Resources */,
				8D0AD76D283C5EE000575C3B /* Assets.xcassets in Resources */,
			);
			runOnlyForDeploymentPostprocessing = 0;
		};
		8D3DBBC02845E8D6007B6352 /* Resources */ = {
			isa = PBXResourcesBuildPhase;
			buildActionMask = 2147483647;
			files = (
				8D3DBBDB2845F152007B6352 /* MockData.json in Resources */,
			);
			runOnlyForDeploymentPostprocessing = 0;
		};
		8D6B3C00283DE6BB00E24CE8 /* Resources */ = {
			isa = PBXResourcesBuildPhase;
			buildActionMask = 2147483647;
			files = (
			);
			runOnlyForDeploymentPostprocessing = 0;
		};
/* End PBXResourcesBuildPhase section */

/* Begin PBXSourcesBuildPhase section */
		8D05F2BA28486F4E00796609 /* Sources */ = {
			isa = PBXSourcesBuildPhase;
			buildActionMask = 2147483647;
			files = (
				8D05F2D0284871E300796609 /* HouseInfo.swift in Sources */,
				8D05F2CC2848711E00796609 /* NetworkManager.swift in Sources */,
				8D05F2C9284870BF00796609 /* SearchResultRepository.swift in Sources */,
				8D05F2CE2848712100796609 /* EndPoint.swift in Sources */,
				8D05F2C128486F4E00796609 /* HouseInfoBundleViewModelUnitTest.swift in Sources */,
				8D05F2C82848709B00796609 /* Observable.swift in Sources */,
				8D05F2CF2848713700796609 /* URLMockProtocol.swift in Sources */,
				8D05F2C72848709800796609 /* SearchResultViewModel.swift in Sources */,
				8D05F2CD2848712000796609 /* NetworkManagable.swift in Sources */,
				8D05F2D12848720D00796609 /* Extensions.swift in Sources */,
				8D05F2CA284870C700796609 /* SearchResultRepoitoriable.swift in Sources */,
			);
			runOnlyForDeploymentPostprocessing = 0;
		};
		8D0AD75C283C5EDD00575C3B /* Sources */ = {
			isa = PBXSourcesBuildPhase;
			buildActionMask = 2147483647;
			files = (
				8DFF048A2849BCF600EEA0F3 /* MainCollectionViewDataSource.swift in Sources */,
				8DFF04862849B1E900EEA0F3 /* MainHeaderView.swift in Sources */,
				8D3DBB8F28445E7E007B6352 /* SearchResultRepository.swift in Sources */,
				8D05F2D52848824A00796609 /* WishListViewController.swift in Sources */,
				8D6465E8283FAA1E0021C782 /* ResultCardCell.swift in Sources */,
				8D8017CA284DB4070068C655 /* MainViewSectionCreator.swift in Sources */,
				8DF21C9E2840654D00F2F8E9 /* HouseImageView.swift in Sources */,
				8D224202283CB794006A9043 /* PriceLabel.swift in Sources */,
				8D6465F0284051E70021C782 /* PricePerDayLabel.swift in Sources */,
				8D6465EE284051DF0021C782 /* ReviewLabel.swift in Sources */,
				8D9D1F5C283CE24300EEF33A /* PriceAnnotationView.swift in Sources */,
				8D8017CC284DB45D0068C655 /* HeroImageSectionFactory.swift in Sources */,
				8D05F2D3284880F400796609 /* MainViewController.swift in Sources */,
				8D9D1F64283D355200EEF33A /* HouseInfo.swift in Sources */,
				8DA3503B283F47D400B72BA9 /* MapCardCollectionViewDataSource.swift in Sources */,
				8D05F2D72848825700796609 /* ReservationViewController.swift in Sources */,
				8D8017D2284DB9FF0068C655 /* SearchBarResultController.swift in Sources */,
				8D0AD768283C5EDD00575C3B /* TabBarController.swift in Sources */,
				8D6465EC28404A5D0021C782 /* ListButtonDelegate.swift in Sources */,
				8D224204283CB7E4006A9043 /* PriceConverter.swift in Sources */,
				8D3DBBA42845B712007B6352 /* EndPoint.swift in Sources */,
				8DA35039283F26FF00B72BA9 /* HeartButtonDelegate.swift in Sources */,
				8D0AD764283C5EDD00575C3B /* AppDelegate.swift in Sources */,
				8DF1048F284783680005CCD5 /* SearchResultViewModel.swift in Sources */,
				8D2241FD283CA470006A9043 /* MapView.swift in Sources */,
				8DFF04882849B82300EEA0F3 /* RecommendCardCell.swift in Sources */,
				8D05F2DB284898E600796609 /* HeroImageView.swift in Sources */,
				8DF1048D28476BB50005CCD5 /* Observable.swift in Sources */,
				8D05F2DD28489DF800796609 /* HeroImageViewCell.swift in Sources */,
				8D6B3BFA283DB79800E24CE8 /* MapViewCardCell.swift in Sources */,
				8D05F2E12848ABBA00796609 /* NearSpotOverViewCell.swift in Sources */,
				8DF10487284745B50005CCD5 /* URLMockProtocol.swift in Sources */,
				8D3DBBA12845AB39007B6352 /* NetworkManager.swift in Sources */,
				8D0AD766283C5EDD00575C3B /* SceneDelegate.swift in Sources */,
				8D8017D0284DB6480068C655 /* RecommendSectionFactory.swift in Sources */,
				8D3DBBA72845B728007B6352 /* NetworkManagable.swift in Sources */,
				8D8017CE284DB6030068C655 /* NearSpotSectionFactory.swift in Sources */,
				8D6B3C0E283E095E00E24CE8 /* Extensions.swift in Sources */,
				8D0AD781283C718200575C3B /* MapViewController.swift in Sources */,
				8D224206283CB8AB006A9043 /* Constants.swift in Sources */,
				8DD56DE3284602AE00B357DA /* ResultHeaderView.swift in Sources */,
				8DF21CA428406F6800F2F8E9 /* SearchResultTableViewDataSource.swift in Sources */,
				8D55479328405FE300C4D9D9 /* HouseNameLabel.swift in Sources */,
				8DA3503F283F630900B72BA9 /* SearchResultViewController.swift in Sources */,
				8D6B3BFC283DCCE400E24CE8 /* AddressConverter.swift in Sources */,
				8DFE2767284859650003D226 /* SearchResultRepoitoriable.swift in Sources */,
				8D554791284055E200C4D9D9 /* HeartButton.swift in Sources */,
			);
			runOnlyForDeploymentPostprocessing = 0;
		};
		8D3DBBBE2845E8D6007B6352 /* Sources */ = {
			isa = PBXSourcesBuildPhase;
			buildActionMask = 2147483647;
			files = (
				8D3DBBCC2845E8F3007B6352 /* NetworkManager.swift in Sources */,
				8D3DBBC52845E8D6007B6352 /* NetworkManagerTest.swift in Sources */,
				8D3DBBD12845E9A2007B6352 /* URLMockProtocol.swift in Sources */,
				8D3DBBCD2845E8F5007B6352 /* EndPoint.swift in Sources */,
				8D3DBBCB2845E8EF007B6352 /* NetworkManagable.swift in Sources */,
				8D3DBBD52845ECE1007B6352 /* MockDataModel.swift in Sources */,
			);
			runOnlyForDeploymentPostprocessing = 0;
		};
		8D6B3BFE283DE6BB00E24CE8 /* Sources */ = {
			isa = PBXSourcesBuildPhase;
			buildActionMask = 2147483647;
			files = (
				8D6B3C0B283DE71100E24CE8 /* PriceConverter.swift in Sources */,
				8D6B3C05283DE6BB00E24CE8 /* ConverterUnitTest.swift in Sources */,
				8D6B3C0C283DE71300E24CE8 /* AddressConverter.swift in Sources */,
			);
			runOnlyForDeploymentPostprocessing = 0;
		};
/* End PBXSourcesBuildPhase section */

/* Begin PBXTargetDependency section */
		8D05F2C328486F4E00796609 /* PBXTargetDependency */ = {
			isa = PBXTargetDependency;
			target = 8D0AD75F283C5EDD00575C3B /* AirbnbApp */;
			targetProxy = 8D05F2C228486F4E00796609 /* PBXContainerItemProxy */;
		};
		8D3DBBC72845E8D7007B6352 /* PBXTargetDependency */ = {
			isa = PBXTargetDependency;
			target = 8D0AD75F283C5EDD00575C3B /* AirbnbApp */;
			targetProxy = 8D3DBBC62845E8D7007B6352 /* PBXContainerItemProxy */;
		};
		8D6B3C07283DE6BB00E24CE8 /* PBXTargetDependency */ = {
			isa = PBXTargetDependency;
			target = 8D0AD75F283C5EDD00575C3B /* AirbnbApp */;
			targetProxy = 8D6B3C06283DE6BB00E24CE8 /* PBXContainerItemProxy */;
		};
/* End PBXTargetDependency section */

/* Begin PBXVariantGroup section */
		8D0AD76E283C5EE000575C3B /* LaunchScreen.storyboard */ = {
			isa = PBXVariantGroup;
			children = (
				8D0AD76F283C5EE000575C3B /* Base */,
			);
			name = LaunchScreen.storyboard;
			sourceTree = "<group>";
		};
/* End PBXVariantGroup section */

/* Begin XCBuildConfiguration section */
		8D05F2C528486F4E00796609 /* Debug */ = {
			isa = XCBuildConfiguration;
			buildSettings = {
				BUNDLE_LOADER = "$(TEST_HOST)";
				CODE_SIGN_STYLE = Automatic;
				CURRENT_PROJECT_VERSION = 1;
				DEVELOPMENT_TEAM = N6KUR9465F;
				GENERATE_INFOPLIST_FILE = YES;
				MARKETING_VERSION = 1.0;
				PRODUCT_BUNDLE_IDENTIFIER = com.SeobJin.ViewModelUnitTest;
				PRODUCT_NAME = "$(TARGET_NAME)";
				SWIFT_EMIT_LOC_STRINGS = NO;
				SWIFT_VERSION = 5.0;
				TARGETED_DEVICE_FAMILY = "1,2";
				TEST_HOST = "$(BUILT_PRODUCTS_DIR)/AirbnbApp.app/AirbnbApp";
			};
			name = Debug;
		};
		8D05F2C628486F4E00796609 /* Release */ = {
			isa = XCBuildConfiguration;
			buildSettings = {
				BUNDLE_LOADER = "$(TEST_HOST)";
				CODE_SIGN_STYLE = Automatic;
				CURRENT_PROJECT_VERSION = 1;
				DEVELOPMENT_TEAM = N6KUR9465F;
				GENERATE_INFOPLIST_FILE = YES;
				MARKETING_VERSION = 1.0;
				PRODUCT_BUNDLE_IDENTIFIER = com.SeobJin.ViewModelUnitTest;
				PRODUCT_NAME = "$(TARGET_NAME)";
				SWIFT_EMIT_LOC_STRINGS = NO;
				SWIFT_VERSION = 5.0;
				TARGETED_DEVICE_FAMILY = "1,2";
				TEST_HOST = "$(BUILT_PRODUCTS_DIR)/AirbnbApp.app/AirbnbApp";
			};
			name = Release;
		};
		8D0AD772283C5EE000575C3B /* Debug */ = {
			isa = XCBuildConfiguration;
			buildSettings = {
				ALWAYS_SEARCH_USER_PATHS = NO;
				CLANG_ANALYZER_NONNULL = YES;
				CLANG_ANALYZER_NUMBER_OBJECT_CONVERSION = YES_AGGRESSIVE;
				CLANG_CXX_LANGUAGE_STANDARD = "gnu++17";
				CLANG_ENABLE_MODULES = YES;
				CLANG_ENABLE_OBJC_ARC = YES;
				CLANG_ENABLE_OBJC_WEAK = YES;
				CLANG_WARN_BLOCK_CAPTURE_AUTORELEASING = YES;
				CLANG_WARN_BOOL_CONVERSION = YES;
				CLANG_WARN_COMMA = YES;
				CLANG_WARN_CONSTANT_CONVERSION = YES;
				CLANG_WARN_DEPRECATED_OBJC_IMPLEMENTATIONS = YES;
				CLANG_WARN_DIRECT_OBJC_ISA_USAGE = YES_ERROR;
				CLANG_WARN_DOCUMENTATION_COMMENTS = YES;
				CLANG_WARN_EMPTY_BODY = YES;
				CLANG_WARN_ENUM_CONVERSION = YES;
				CLANG_WARN_INFINITE_RECURSION = YES;
				CLANG_WARN_INT_CONVERSION = YES;
				CLANG_WARN_NON_LITERAL_NULL_CONVERSION = YES;
				CLANG_WARN_OBJC_IMPLICIT_RETAIN_SELF = YES;
				CLANG_WARN_OBJC_LITERAL_CONVERSION = YES;
				CLANG_WARN_OBJC_ROOT_CLASS = YES_ERROR;
				CLANG_WARN_QUOTED_INCLUDE_IN_FRAMEWORK_HEADER = YES;
				CLANG_WARN_RANGE_LOOP_ANALYSIS = YES;
				CLANG_WARN_STRICT_PROTOTYPES = YES;
				CLANG_WARN_SUSPICIOUS_MOVE = YES;
				CLANG_WARN_UNGUARDED_AVAILABILITY = YES_AGGRESSIVE;
				CLANG_WARN_UNREACHABLE_CODE = YES;
				CLANG_WARN__DUPLICATE_METHOD_MATCH = YES;
				COPY_PHASE_STRIP = NO;
				DEBUG_INFORMATION_FORMAT = dwarf;
				ENABLE_STRICT_OBJC_MSGSEND = YES;
				ENABLE_TESTABILITY = YES;
				GCC_C_LANGUAGE_STANDARD = gnu11;
				GCC_DYNAMIC_NO_PIC = NO;
				GCC_NO_COMMON_BLOCKS = YES;
				GCC_OPTIMIZATION_LEVEL = 0;
				GCC_PREPROCESSOR_DEFINITIONS = (
					"DEBUG=1",
					"$(inherited)",
				);
				GCC_WARN_64_TO_32_BIT_CONVERSION = YES;
				GCC_WARN_ABOUT_RETURN_TYPE = YES_ERROR;
				GCC_WARN_UNDECLARED_SELECTOR = YES;
				GCC_WARN_UNINITIALIZED_AUTOS = YES_AGGRESSIVE;
				GCC_WARN_UNUSED_FUNCTION = YES;
				GCC_WARN_UNUSED_VARIABLE = YES;
				IPHONEOS_DEPLOYMENT_TARGET = 15.5;
				MTL_ENABLE_DEBUG_INFO = INCLUDE_SOURCE;
				MTL_FAST_MATH = YES;
				ONLY_ACTIVE_ARCH = YES;
				SDKROOT = iphoneos;
				SWIFT_ACTIVE_COMPILATION_CONDITIONS = DEBUG;
				SWIFT_OPTIMIZATION_LEVEL = "-Onone";
			};
			name = Debug;
		};
		8D0AD773283C5EE000575C3B /* Release */ = {
			isa = XCBuildConfiguration;
			buildSettings = {
				ALWAYS_SEARCH_USER_PATHS = NO;
				CLANG_ANALYZER_NONNULL = YES;
				CLANG_ANALYZER_NUMBER_OBJECT_CONVERSION = YES_AGGRESSIVE;
				CLANG_CXX_LANGUAGE_STANDARD = "gnu++17";
				CLANG_ENABLE_MODULES = YES;
				CLANG_ENABLE_OBJC_ARC = YES;
				CLANG_ENABLE_OBJC_WEAK = YES;
				CLANG_WARN_BLOCK_CAPTURE_AUTORELEASING = YES;
				CLANG_WARN_BOOL_CONVERSION = YES;
				CLANG_WARN_COMMA = YES;
				CLANG_WARN_CONSTANT_CONVERSION = YES;
				CLANG_WARN_DEPRECATED_OBJC_IMPLEMENTATIONS = YES;
				CLANG_WARN_DIRECT_OBJC_ISA_USAGE = YES_ERROR;
				CLANG_WARN_DOCUMENTATION_COMMENTS = YES;
				CLANG_WARN_EMPTY_BODY = YES;
				CLANG_WARN_ENUM_CONVERSION = YES;
				CLANG_WARN_INFINITE_RECURSION = YES;
				CLANG_WARN_INT_CONVERSION = YES;
				CLANG_WARN_NON_LITERAL_NULL_CONVERSION = YES;
				CLANG_WARN_OBJC_IMPLICIT_RETAIN_SELF = YES;
				CLANG_WARN_OBJC_LITERAL_CONVERSION = YES;
				CLANG_WARN_OBJC_ROOT_CLASS = YES_ERROR;
				CLANG_WARN_QUOTED_INCLUDE_IN_FRAMEWORK_HEADER = YES;
				CLANG_WARN_RANGE_LOOP_ANALYSIS = YES;
				CLANG_WARN_STRICT_PROTOTYPES = YES;
				CLANG_WARN_SUSPICIOUS_MOVE = YES;
				CLANG_WARN_UNGUARDED_AVAILABILITY = YES_AGGRESSIVE;
				CLANG_WARN_UNREACHABLE_CODE = YES;
				CLANG_WARN__DUPLICATE_METHOD_MATCH = YES;
				COPY_PHASE_STRIP = NO;
				DEBUG_INFORMATION_FORMAT = "dwarf-with-dsym";
				ENABLE_NS_ASSERTIONS = NO;
				ENABLE_STRICT_OBJC_MSGSEND = YES;
				GCC_C_LANGUAGE_STANDARD = gnu11;
				GCC_NO_COMMON_BLOCKS = YES;
				GCC_WARN_64_TO_32_BIT_CONVERSION = YES;
				GCC_WARN_ABOUT_RETURN_TYPE = YES_ERROR;
				GCC_WARN_UNDECLARED_SELECTOR = YES;
				GCC_WARN_UNINITIALIZED_AUTOS = YES_AGGRESSIVE;
				GCC_WARN_UNUSED_FUNCTION = YES;
				GCC_WARN_UNUSED_VARIABLE = YES;
				IPHONEOS_DEPLOYMENT_TARGET = 15.5;
				MTL_ENABLE_DEBUG_INFO = NO;
				MTL_FAST_MATH = YES;
				SDKROOT = iphoneos;
				SWIFT_COMPILATION_MODE = wholemodule;
				SWIFT_OPTIMIZATION_LEVEL = "-O";
				VALIDATE_PRODUCT = YES;
			};
			name = Release;
		};
		8D0AD775283C5EE000575C3B /* Debug */ = {
			isa = XCBuildConfiguration;
			buildSettings = {
				ASSETCATALOG_COMPILER_APPICON_NAME = AppIcon;
				ASSETCATALOG_COMPILER_GLOBAL_ACCENT_COLOR_NAME = AccentColor;
				CODE_SIGN_STYLE = Automatic;
				CURRENT_PROJECT_VERSION = 1;
				DEVELOPMENT_TEAM = N6KUR9465F;
				GENERATE_INFOPLIST_FILE = YES;
				INFOPLIST_FILE = AirbnbApp/Info.plist;
				INFOPLIST_KEY_UIApplicationSupportsIndirectInputEvents = YES;
				INFOPLIST_KEY_UILaunchStoryboardName = LaunchScreen;
				INFOPLIST_KEY_UISupportedInterfaceOrientations_iPad = "UIInterfaceOrientationPortrait UIInterfaceOrientationPortraitUpsideDown UIInterfaceOrientationLandscapeLeft UIInterfaceOrientationLandscapeRight";
				INFOPLIST_KEY_UISupportedInterfaceOrientations_iPhone = "UIInterfaceOrientationPortrait UIInterfaceOrientationLandscapeLeft UIInterfaceOrientationLandscapeRight";
				LD_RUNPATH_SEARCH_PATHS = (
					"$(inherited)",
					"@executable_path/Frameworks",
				);
				MARKETING_VERSION = 1.0;
				PRODUCT_BUNDLE_IDENTIFIER = com.SeobJin.AirbnbApp;
				PRODUCT_NAME = "$(TARGET_NAME)";
				SWIFT_EMIT_LOC_STRINGS = YES;
				SWIFT_VERSION = 5.0;
				TARGETED_DEVICE_FAMILY = "1,2";
			};
			name = Debug;
		};
		8D0AD776283C5EE000575C3B /* Release */ = {
			isa = XCBuildConfiguration;
			buildSettings = {
				ASSETCATALOG_COMPILER_APPICON_NAME = AppIcon;
				ASSETCATALOG_COMPILER_GLOBAL_ACCENT_COLOR_NAME = AccentColor;
				CODE_SIGN_IDENTITY = "Apple Development";
				CODE_SIGN_STYLE = Automatic;
				CURRENT_PROJECT_VERSION = 1;
				DEVELOPMENT_TEAM = N6KUR9465F;
				GENERATE_INFOPLIST_FILE = YES;
				INFOPLIST_FILE = AirbnbApp/Info.plist;
				INFOPLIST_KEY_UIApplicationSupportsIndirectInputEvents = YES;
				INFOPLIST_KEY_UILaunchStoryboardName = LaunchScreen;
				INFOPLIST_KEY_UISupportedInterfaceOrientations_iPad = "UIInterfaceOrientationPortrait UIInterfaceOrientationPortraitUpsideDown UIInterfaceOrientationLandscapeLeft UIInterfaceOrientationLandscapeRight";
				INFOPLIST_KEY_UISupportedInterfaceOrientations_iPhone = "UIInterfaceOrientationPortrait UIInterfaceOrientationLandscapeLeft UIInterfaceOrientationLandscapeRight";
				LD_RUNPATH_SEARCH_PATHS = (
					"$(inherited)",
					"@executable_path/Frameworks",
				);
				MARKETING_VERSION = 1.0;
				PRODUCT_BUNDLE_IDENTIFIER = com.SeobJin.AirbnbApp;
				PRODUCT_NAME = "$(TARGET_NAME)";
				PROVISIONING_PROFILE_SPECIFIER = "";
				SWIFT_EMIT_LOC_STRINGS = YES;
				SWIFT_VERSION = 5.0;
				TARGETED_DEVICE_FAMILY = "1,2";
			};
			name = Release;
		};
		8D3DBBC92845E8D7007B6352 /* Debug */ = {
			isa = XCBuildConfiguration;
			buildSettings = {
				BUNDLE_LOADER = "$(TEST_HOST)";
				CODE_SIGN_STYLE = Automatic;
				CURRENT_PROJECT_VERSION = 1;
				DEVELOPMENT_TEAM = N6KUR9465F;
				GENERATE_INFOPLIST_FILE = YES;
				MARKETING_VERSION = 1.0;
				PRODUCT_BUNDLE_IDENTIFIER = com.SeobJin.NetworkManagerTest;
				PRODUCT_NAME = "$(TARGET_NAME)";
				SWIFT_EMIT_LOC_STRINGS = NO;
				SWIFT_VERSION = 5.0;
				TARGETED_DEVICE_FAMILY = "1,2";
				TEST_HOST = "$(BUILT_PRODUCTS_DIR)/AirbnbApp.app/AirbnbApp";
			};
			name = Debug;
		};
		8D3DBBCA2845E8D7007B6352 /* Release */ = {
			isa = XCBuildConfiguration;
			buildSettings = {
				BUNDLE_LOADER = "$(TEST_HOST)";
				CODE_SIGN_STYLE = Automatic;
				CURRENT_PROJECT_VERSION = 1;
				DEVELOPMENT_TEAM = N6KUR9465F;
				GENERATE_INFOPLIST_FILE = YES;
				MARKETING_VERSION = 1.0;
				PRODUCT_BUNDLE_IDENTIFIER = com.SeobJin.NetworkManagerTest;
				PRODUCT_NAME = "$(TARGET_NAME)";
				SWIFT_EMIT_LOC_STRINGS = NO;
				SWIFT_VERSION = 5.0;
				TARGETED_DEVICE_FAMILY = "1,2";
				TEST_HOST = "$(BUILT_PRODUCTS_DIR)/AirbnbApp.app/AirbnbApp";
			};
			name = Release;
		};
		8D6B3C09283DE6BB00E24CE8 /* Debug */ = {
			isa = XCBuildConfiguration;
			buildSettings = {
				BUNDLE_LOADER = "$(TEST_HOST)";
				CODE_SIGN_STYLE = Automatic;
				CURRENT_PROJECT_VERSION = 1;
				DEVELOPMENT_TEAM = N6KUR9465F;
				GENERATE_INFOPLIST_FILE = YES;
				MARKETING_VERSION = 1.0;
				PRODUCT_BUNDLE_IDENTIFIER = com.SeobJin.ConverterUnitTest;
				PRODUCT_NAME = "$(TARGET_NAME)";
				SWIFT_EMIT_LOC_STRINGS = NO;
				SWIFT_VERSION = 5.0;
				TARGETED_DEVICE_FAMILY = "1,2";
				TEST_HOST = "$(BUILT_PRODUCTS_DIR)/AirbnbApp.app/AirbnbApp";
			};
			name = Debug;
		};
		8D6B3C0A283DE6BB00E24CE8 /* Release */ = {
			isa = XCBuildConfiguration;
			buildSettings = {
				BUNDLE_LOADER = "$(TEST_HOST)";
				CODE_SIGN_STYLE = Automatic;
				CURRENT_PROJECT_VERSION = 1;
				DEVELOPMENT_TEAM = N6KUR9465F;
				GENERATE_INFOPLIST_FILE = YES;
				MARKETING_VERSION = 1.0;
				PRODUCT_BUNDLE_IDENTIFIER = com.SeobJin.ConverterUnitTest;
				PRODUCT_NAME = "$(TARGET_NAME)";
				SWIFT_EMIT_LOC_STRINGS = NO;
				SWIFT_VERSION = 5.0;
				TARGETED_DEVICE_FAMILY = "1,2";
				TEST_HOST = "$(BUILT_PRODUCTS_DIR)/AirbnbApp.app/AirbnbApp";
			};
			name = Release;
		};
/* End XCBuildConfiguration section */

/* Begin XCConfigurationList section */
		8D05F2C428486F4E00796609 /* Build configuration list for PBXNativeTarget "ViewModelUnitTest" */ = {
			isa = XCConfigurationList;
			buildConfigurations = (
				8D05F2C528486F4E00796609 /* Debug */,
				8D05F2C628486F4E00796609 /* Release */,
			);
			defaultConfigurationIsVisible = 0;
			defaultConfigurationName = Release;
		};
		8D0AD75B283C5EDD00575C3B /* Build configuration list for PBXProject "AirbnbApp" */ = {
			isa = XCConfigurationList;
			buildConfigurations = (
				8D0AD772283C5EE000575C3B /* Debug */,
				8D0AD773283C5EE000575C3B /* Release */,
			);
			defaultConfigurationIsVisible = 0;
			defaultConfigurationName = Release;
		};
		8D0AD774283C5EE000575C3B /* Build configuration list for PBXNativeTarget "AirbnbApp" */ = {
			isa = XCConfigurationList;
			buildConfigurations = (
				8D0AD775283C5EE000575C3B /* Debug */,
				8D0AD776283C5EE000575C3B /* Release */,
			);
			defaultConfigurationIsVisible = 0;
			defaultConfigurationName = Release;
		};
		8D3DBBC82845E8D7007B6352 /* Build configuration list for PBXNativeTarget "NetworkManagerTest" */ = {
			isa = XCConfigurationList;
			buildConfigurations = (
				8D3DBBC92845E8D7007B6352 /* Debug */,
				8D3DBBCA2845E8D7007B6352 /* Release */,
			);
			defaultConfigurationIsVisible = 0;
			defaultConfigurationName = Release;
		};
		8D6B3C08283DE6BB00E24CE8 /* Build configuration list for PBXNativeTarget "ConverterUnitTest" */ = {
			isa = XCConfigurationList;
			buildConfigurations = (
				8D6B3C09283DE6BB00E24CE8 /* Debug */,
				8D6B3C0A283DE6BB00E24CE8 /* Release */,
			);
			defaultConfigurationIsVisible = 0;
			defaultConfigurationName = Release;
		};
/* End XCConfigurationList section */

/* Begin XCRemoteSwiftPackageReference section */
		8D0AD778283C61D700575C3B /* XCRemoteSwiftPackageReference "Alamofire" */ = {
			isa = XCRemoteSwiftPackageReference;
			repositoryURL = "https://github.com/Alamofire/Alamofire.git";
			requirement = {
				branch = master;
				kind = branch;
			};
		};
		8D0AD77B283C62F700575C3B /* XCRemoteSwiftPackageReference "SnapKit" */ = {
			isa = XCRemoteSwiftPackageReference;
			repositoryURL = "https://github.com/SnapKit/SnapKit.git";
			requirement = {
				branch = develop;
				kind = branch;
			};
		};
/* End XCRemoteSwiftPackageReference section */

/* Begin XCSwiftPackageProductDependency section */
		8D0AD779283C61D700575C3B /* Alamofire */ = {
			isa = XCSwiftPackageProductDependency;
			package = 8D0AD778283C61D700575C3B /* XCRemoteSwiftPackageReference "Alamofire" */;
			productName = Alamofire;
		};
		8D0AD77C283C62F800575C3B /* SnapKit */ = {
			isa = XCSwiftPackageProductDependency;
			package = 8D0AD77B283C62F700575C3B /* XCRemoteSwiftPackageReference "SnapKit" */;
			productName = SnapKit;
		};
/* End XCSwiftPackageProductDependency section */
	};
	rootObject = 8D0AD758283C5EDD00575C3B /* Project object */;
}
